{
  "name": "nvim-js-lsp",
  "version": "1.0.0",
  "lockfileVersion": 3,
  "requires": true,
  "packages": {
    "": {
      "name": "nvim-js-lsp",
      "version": "1.0.0",
      "license": "ISC",
      "dependencies": {
        "@cspell/dict-pl_pl": "^3.0.6"
      }
    },
    "node_modules/@cspell/dict-pl_pl": {
      "version": "3.0.6",
      "resolved": "https://registry.npmjs.org/@cspell/dict-pl_pl/-/dict-pl_pl-3.0.6.tgz",
      "integrity": "sha512-vJUyjQ7fxxGXrXXK9+r2FHNUb8TBeEouusm7syabkl0RPg1YqFwbSTDQziysuGO8EpgX8zo2q+hO1aGiMasc5Q==",
      "license": "LGPL-3.0+"
    }
  }
}
